
Microsoft Visual Studio Solution File, Format Version 12.00
# Visual Studio Version 16
VisualStudioVersion = 16.0.33027.164
MinimumVisualStudioVersion = 10.0.40219.1
Project("{F184B08F-C81C-45F6-A57F-5ABD9991F28F}") = "Test", "Test\Test.vbproj", "{36F13532-436E-4775-8BB6-7644260BEE5A}"
EndProject
Global
	GlobalSection(SolutionConfigurationPlatforms) = preSolution
		Debug|Any CPU = Debug|Any CPU
		Release|Any CPU = Release|Any CPU
	EndGlobalSection
	GlobalSection(ProjectConfigurationPlatforms) = postSolution
		{36F13532-436E-4775-8BB6-7644260BEE5A}.Debug|Any CPU.ActiveCfg = Debug|Any CPU
		{36F13532-436E-4775-8BB6-7644260BEE5A}.Debug|Any CPU.Build.0 = Debug|Any CPU
		{36F13532-436E-4775-8BB6-7644260BEE5A}.Release|Any CPU.ActiveCfg = Release|Any CPU
		{36F13532-436E-4775-8BB6-7644260BEE5A}.Release|Any CPU.Build.0 = Release|Any CPU
	EndGlobalSection
	GlobalSection(SolutionProperties) = preSolution
		HideSolutionNode = FALSE
	EndGlobalSection
	GlobalSection(ExtensibilityGlobals) = postSolution
		SolutionGuid = {DE7F6D2F-2349-494B-924D-223C56F6F633}
	EndGlobalSection
EndGlobal
